
Microsoft Visual Studio Solution File, Format Version 12.00
# Visual Studio Version 17
VisualStudioVersion = 17.3.32929.385
MinimumVisualStudioVersion = 10.0.40219.1
Project("{9A19103F-16F7-4668-BE54-9A1E7A4F7556}") = "Dev Solutions", "Dev Solutions.csproj", "{33D41540-90B6-4205-90EE-5A101B6641CE}"
EndProject
Global
	GlobalSection(SolutionConfigurationPlatforms) = preSolution
		Debug|Any CPU = Debug|Any CPU
		Release|Any CPU = Release|Any CPU
	EndGlobalSection
	GlobalSection(ProjectConfigurationPlatforms) = postSolution
		{33D41540-90B6-4205-90EE-5A101B6641CE}.Debug|Any CPU.ActiveCfg = Debug|Any CPU
		{33D41540-90B6-4205-90EE-5A101B6641CE}.Debug|Any CPU.Build.0 = Debug|Any CPU
		{33D41540-90B6-4205-90EE-5A101B6641CE}.Release|Any CPU.ActiveCfg = Release|Any CPU
		{33D41540-90B6-4205-90EE-5A101B6641CE}.Release|Any CPU.Build.0 = Release|Any CPU
	EndGlobalSection
	GlobalSection(SolutionProperties) = preSolution
		HideSolutionNode = FALSE
	EndGlobalSection
	GlobalSection(ExtensibilityGlobals) = postSolution
		SolutionGuid = {77B05D61-6578-47FE-832E-255F56A5093D}
	EndGlobalSection
EndGlobal
